// !$*UTF8*$!
{
	archiveVersion = 1;
	classes = {
	};
	objectVersion = 50;
	objects = {

/* Begin PBXBuildFile section */
		041C5AAA28F99FC60052ECEA /* AppDelegate.swift in Sources */ = {isa = PBXBuildFile; fileRef = 041C5AA928F99FC60052ECEA /* AppDelegate.swift */; };
		041C5AAC28F99FC60052ECEA /* SceneDelegate.swift in Sources */ = {isa = PBXBuildFile; fileRef = 041C5AAB28F99FC60052ECEA /* SceneDelegate.swift */; };
		041C5AAE28F99FC60052ECEA /* ViewController.swift in Sources */ = {isa = PBXBuildFile; fileRef = 041C5AAD28F99FC60052ECEA /* ViewController.swift */; };
		041C5AB128F99FC60052ECEA /* Main.storyboard in Resources */ = {isa = PBXBuildFile; fileRef = 041C5AAF28F99FC60052ECEA /* Main.storyboard */; };
		041C5AB328F99FC70052ECEA /* Assets.xcassets in Resources */ = {isa = PBXBuildFile; fileRef = 041C5AB228F99FC70052ECEA /* Assets.xcassets */; };
		041C5AB628F99FC70052ECEA /* LaunchScreen.storyboard in Resources */ = {isa = PBXBuildFile; fileRef = 041C5AB428F99FC70052ECEA /* LaunchScreen.storyboard */; };
		041C5ABF28F9A0FB0052ECEA /* TableViewCell.swift in Sources */ = {isa = PBXBuildFile; fileRef = 041C5ABE28F9A0FB0052ECEA /* TableViewCell.swift */; };
		0480A0A92904FD1900F8CAFD /* DetailViewController.swift in Sources */ = {isa = PBXBuildFile; fileRef = 0480A0A82904FD1900F8CAFD /* DetailViewController.swift */; };
/* End PBXBuildFile section */

/* Begin PBXFileReference section */
		041C5AA628F99FC60052ECEA /* CustomTabelViewData 1.app */ = {isa = PBXFileReference; explicitFileType = wrapper.application; includeInIndex = 0; path = "CustomTabelViewData 1.app"; sourceTree = BUILT_PRODUCTS_DIR; };
		041C5AA928F99FC60052ECEA /* AppDelegate.swift */ = {isa = PBXFileReference; lastKnownFileType = sourcecode.swift; path = AppDelegate.swift; sourceTree = "<group>"; };
		041C5AAB28F99FC60052ECEA /* SceneDelegate.swift */ = {isa = PBXFileReference; lastKnownFileType = sourcecode.swift; path = SceneDelegate.swift; sourceTree = "<group>"; };
		041C5AAD28F99FC60052ECEA /* ViewController.swift */ = {isa = PBXFileReference; lastKnownFileType = sourcecode.swift; path = ViewController.swift; sourceTree = "<group>"; };
		041C5AB028F99FC60052ECEA /* Base */ = {isa = PBXFileReference; lastKnownFileType = file.storyboard; name = Base; path = Base.lproj/Main.storyboard; sourceTree = "<group>"; };
		041C5AB228F99FC70052ECEA /* Assets.xcassets */ = {isa = PBXFileReference; lastKnownFileType = folder.assetcatalog; path = Assets.xcassets; sourceTree = "<group>"; };
		041C5AB528F99FC70052ECEA /* Base */ = {isa = PBXFileReference; lastKnownFileType = file.storyboard; name = Base; path = Base.lproj/LaunchScreen.storyboard; sourceTree = "<group>"; };
		041C5AB728F99FC70052ECEA /* Info.plist */ = {isa = PBXFileReference; lastKnownFileType = text.plist.xml; path = Info.plist; sourceTree = "<group>"; };
		041C5ABE28F9A0FB0052ECEA /* TableViewCell.swift */ = {isa = PBXFileReference; lastKnownFileType = sourcecode.swift; path = TableViewCell.swift; sourceTree = "<group>"; };
		0480A0A82904FD1900F8CAFD /* DetailViewController.swift */ = {isa = PBXFileReference; lastKnownFileType = sourcecode.swift; path = DetailViewController.swift; sourceTree = "<group>"; };
/* End PBXFileReference section */

/* Begin PBXFrameworksBuildPhase section */
		041C5AA328F99FC60052ECEA /* Frameworks */ = {
			isa = PBXFrameworksBuildPhase;
			buildActionMask = 2147483647;
			files = (
			);
			runOnlyForDeploymentPostprocessing = 0;
		};
/* End PBXFrameworksBuildPhase section */

/* Begin PBXGroup section */
		041C5A9D28F99FC60052ECEA = {
			isa = PBXGroup;
			children = (
				041C5AA828F99FC60052ECEA /* CustomTabelViewData 1 */,
				041C5AA728F99FC60052ECEA /* Products */,
			);
			sourceTree = "<group>";
		};
		041C5AA728F99FC60052ECEA /* Products */ = {
			isa = PBXGroup;
			children = (
				041C5AA628F99FC60052ECEA /* CustomTabelViewData 1.app */,
			);
			name = Products;
			sourceTree = "<group>";
		};
		041C5AA828F99FC60052ECEA /* CustomTabelViewData 1 */ = {
			isa = PBXGroup;
			children = (
				041C5AA928F99FC60052ECEA /* AppDelegate.swift */,
				041C5AAB28F99FC60052ECEA /* SceneDelegate.swift */,
				041C5AAD28F99FC60052ECEA /* ViewController.swift */,
				0480A0A82904FD1900F8CAFD /* DetailViewController.swift */,
				041C5ABE28F9A0FB0052ECEA /* TableViewCell.swift */,
				041C5AAF28F99FC60052ECEA /* Main.storyboard */,
				041C5AB228F99FC70052ECEA /* Assets.xcassets */,
				041C5AB428F99FC70052ECEA /* LaunchScreen.storyboard */,
				041C5AB728F99FC70052ECEA /* Info.plist */,
			);
			path = "CustomTabelViewData 1";
			sourceTree = "<group>";
		};
/* End PBXGroup section */

/* Begin PBXNativeTarget section */
		041C5AA528F99FC60052ECEA /* CustomTabelViewData 1 */ = {
			isa = PBXNativeTarget;
			buildConfigurationList = 041C5ABA28F99FC70052ECEA /* Build configuration list for PBXNativeTarget "CustomTabelViewData 1" */;
			buildPhases = (
				041C5AA228F99FC60052ECEA /* Sources */,
				041C5AA328F99FC60052ECEA /* Frameworks */,
				041C5AA428F99FC60052ECEA /* Resources */,
			);
			buildRules = (
			);
			dependencies = (
			);
			name = "CustomTabelViewData 1";
			productName = "CustomTabelViewData 1";
			productReference = 041C5AA628F99FC60052ECEA /* CustomTabelViewData 1.app */;
			productType = "com.apple.product-type.application";
		};
/* End PBXNativeTarget section */

/* Begin PBXProject section */
		041C5A9E28F99FC60052ECEA /* Project object */ = {
			isa = PBXProject;
			attributes = {
				LastSwiftUpdateCheck = 1240;
				LastUpgradeCheck = 1240;
				TargetAttributes = {
					041C5AA528F99FC60052ECEA = {
						CreatedOnToolsVersion = 12.4;
					};
				};
			};
			buildConfigurationList = 041C5AA128F99FC60052ECEA /* Build configuration list for PBXProject "CustomTabelViewData 1" */;
			compatibilityVersion = "Xcode 9.3";
			developmentRegion = en;
			hasScannedForEncodings = 0;
			knownRegions = (
				en,
				Base,
			);
			mainGroup = 041C5A9D28F99FC60052ECEA;
			productRefGroup = 041C5AA728F99FC60052ECEA /* Products */;
			projectDirPath = "";
			projectRoot = "";
			targets = (
				041C5AA528F99FC60052ECEA /* CustomTabelViewData 1 */,
			);
		};
/* End PBXProject section */

/* Begin PBXResourcesBuildPhase section */
		041C5AA428F99FC60052ECEA /* Resources */ = {
			isa = PBXResourcesBuildPhase;
			buildActionMask = 2147483647;
			files = (
				041C5AB628F99FC70052ECEA /* LaunchScreen.storyboard in Resources */,
				041C5AB328F99FC70052ECEA /* Assets.xcassets in Resources */,
				041C5AB128F99FC60052ECEA /* Main.storyboard in Resources */,
			);
			runOnlyForDeploymentPostprocessing = 0;
		};
/* End PBXResourcesBuildPhase section */

/* Begin PBXSourcesBuildPhase section */
		041C5AA228F99FC60052ECEA /* Sources */ = {
			isa = PBXSourcesBuildPhase;
			buildActionMask = 2147483647;
			files = (
				041C5AAE28F99FC60052ECEA /* ViewController.swift in Sources */,
				041C5ABF28F9A0FB0052ECEA /* TableViewCell.swift in Sources */,
				0480A0A92904FD1900F8CAFD /* DetailViewController.swift in Sources */,
				041C5AAA28F99FC60052ECEA /* AppDelegate.swift in Sources */,
				041C5AAC28F99FC60052ECEA /* SceneDelegate.swift in Sources */,
			);
			runOnlyForDeploymentPostprocessing = 0;
		};
/* End PBXSourcesBuildPhase section */

/* Begin PBXVariantGroup section */
		041C5AAF28F99FC60052ECEA /* Main.storyboard */ = {
			isa = PBXVariantGroup;
			children = (
				041C5AB028F99FC60052ECEA /* Base */,
			);
			name = Main.storyboard;
			sourceTree = "<group>";
		};
		041C5AB428F99FC70052ECEA /* LaunchScreen.storyboard */ = {
			isa = PBXVariantGroup;
			children = (
				041C5AB528F99FC70052ECEA /* Base */,
			);
			name = LaunchScreen.storyboard;
			sourceTree = "<group>";
		};
/* End PBXVariantGroup section */

/* Begin XCBuildConfiguration section */
		041C5AB828F99FC70052ECEA /* Debug */ = {
			isa = XCBuildConfiguration;
			buildSettings = {
				ALWAYS_SEARCH_USER_PATHS = NO;
				CLANG_ANALYZER_NONNULL = YES;
				CLANG_ANALYZER_NUMBER_OBJECT_CONVERSION = YES_AGGRESSIVE;
				CLANG_CXX_LANGUAGE_STANDARD = "gnu++14";
				CLANG_CXX_LIBRARY = "libc++";
				CLANG_ENABLE_MODULES = YES;
				CLANG_ENABLE_OBJC_ARC = YES;
				CLANG_ENABLE_OBJC_WEAK = YES;
				CLANG_WARN_BLOCK_CAPTURE_AUTORELEASING = YES;
				CLANG_WARN_BOOL_CONVERSION = YES;
				CLANG_WARN_COMMA = YES;
				CLANG_WARN_CONSTANT_CONVERSION = YES;
				CLANG_WARN_DEPRECATED_OBJC_IMPLEMENTATIONS = YES;
				CLANG_WARN_DIRECT_OBJC_ISA_USAGE = YES_ERROR;
				CLANG_WARN_DOCUMENTATION_COMMENTS = YES;
				CLANG_WARN_EMPTY_BODY = YES;
				CLANG_WARN_ENUM_CONVERSION = YES;
				CLANG_WARN_INFINITE_RECURSION = YES;
				CLANG_WARN_INT_CONVERSION = YES;
				CLANG_WARN_NON_LITERAL_NULL_CONVERSION = YES;
				CLANG_WARN_OBJC_IMPLICIT_RETAIN_SELF = YES;
				CLANG_WARN_OBJC_LITERAL_CONVERSION = YES;
				CLANG_WARN_OBJC_ROOT_CLASS = YES_ERROR;
				CLANG_WARN_QUOTED_INCLUDE_IN_FRAMEWORK_HEADER = YES;
				CLANG_WARN_RANGE_LOOP_ANALYSIS = YES;
				CLANG_WARN_STRICT_PROTOTYPES = YES;
				CLANG_WARN_SUSPICIOUS_MOVE = YES;
				CLANG_WARN_UNGUARDED_AVAILABILITY = YES_AGGRESSIVE;
				CLANG_WARN_UNREACHABLE_CODE = YES;
				CLANG_WARN__DUPLICATE_METHOD_MATCH = YES;
				COPY_PHASE_STRIP = NO;
				DEBUG_INFORMATION_FORMAT = dwarf;
				ENABLE_STRICT_OBJC_MSGSEND = YES;
				ENABLE_TESTABILITY = YES;
				GCC_C_LANGUAGE_STANDARD = gnu11;
				GCC_DYNAMIC_NO_PIC = NO;
				GCC_NO_COMMON_BLOCKS = YES;
				GCC_OPTIMIZATION_LEVEL = 0;
				GCC_PREPROCESSOR_DEFINITIONS = (
					"DEBUG=1",
					"$(inherited)",
				);
				GCC_WARN_64_TO_32_BIT_CONVERSION = YES;
				GCC_WARN_ABOUT_RETURN_TYPE = YES_ERROR;
				GCC_WARN_UNDECLARED_SELECTOR = YES;
				GCC_WARN_UNINITIALIZED_AUTOS = YES_AGGRESSIVE;
				GCC_WARN_UNUSED_FUNCTION = YES;
				GCC_WARN_UNUSED_VARIABLE = YES;
				IPHONEOS_DEPLOYMENT_TARGET = 14.4;
				MTL_ENABLE_DEBUG_INFO = INCLUDE_SOURCE;
				MTL_FAST_MATH = YES;
				ONLY_ACTIVE_ARCH = YES;
				SDKROOT = iphoneos;
				SWIFT_ACTIVE_COMPILATION_CONDITIONS = DEBUG;
				SWIFT_OPTIMIZATION_LEVEL = "-Onone";
			};
			name = Debug;
		};
		041C5AB928F99FC70052ECEA /* Release */ = {
			isa = XCBuildConfiguration;
			buildSettings = {
				ALWAYS_SEARCH_USER_PATHS = NO;
				CLANG_ANALYZER_NONNULL = YES;
				CLANG_ANALYZER_NUMBER_OBJECT_CONVERSION = YES_AGGRESSIVE;
				CLANG_CXX_LANGUAGE_STANDARD = "gnu++14";
				CLANG_CXX_LIBRARY = "libc++";
				CLANG_ENABLE_MODULES = YES;
				CLANG_ENABLE_OBJC_ARC = YES;
				CLANG_ENABLE_OBJC_WEAK = YES;
				CLANG_WARN_BLOCK_CAPTURE_AUTORELEASING = YES;
				CLANG_WARN_BOOL_CONVERSION = YES;
				CLANG_WARN_COMMA = YES;
				CLANG_WARN_CONSTANT_CONVERSION = YES;
				CLANG_WARN_DEPRECATED_OBJC_IMPLEMENTATIONS = YES;
				CLANG_WARN_DIRECT_OBJC_ISA_USAGE = YES_ERROR;
				CLANG_WARN_DOCUMENTATION_COMMENTS = YES;
				CLANG_WARN_EMPTY_BODY = YES;
				CLANG_WARN_ENUM_CONVERSION = YES;
				CLANG_WARN_INFINITE_RECURSION = YES;
				CLANG_WARN_INT_CONVERSION = YES;
				CLANG_WARN_NON_LITERAL_NULL_CONVERSION = YES;
				CLANG_WARN_OBJC_IMPLICIT_RETAIN_SELF = YES;
				CLANG_WARN_OBJC_LITERAL_CONVERSION = YES;
				CLANG_WARN_OBJC_ROOT_CLASS = YES_ERROR;
				CLANG_WARN_QUOTED_INCLUDE_IN_FRAMEWORK_HEADER = YES;
				CLANG_WARN_RANGE_LOOP_ANALYSIS = YES;
				CLANG_WARN_STRICT_PROTOTYPES = YES;
				CLANG_WARN_SUSPICIOUS_MOVE = YES;
				CLANG_WARN_UNGUARDED_AVAILABILITY = YES_AGGRESSIVE;
				CLANG_WARN_UNREACHABLE_CODE = YES;
				CLANG_WARN__DUPLICATE_METHOD_MATCH = YES;
				COPY_PHASE_STRIP = NO;
				DEBUG_INFORMATION_FORMAT = "dwarf-with-dsym";
				ENABLE_NS_ASSERTIONS = NO;
				ENABLE_STRICT_OBJC_MSGSEND = YES;
				GCC_C_LANGUAGE_STANDARD = gnu11;
				GCC_NO_COMMON_BLOCKS = YES;
				GCC_WARN_64_TO_32_BIT_CONVERSION = YES;
				GCC_WARN_ABOUT_RETURN_TYPE = YES_ERROR;
				GCC_WARN_UNDECLARED_SELECTOR = YES;
				GCC_WARN_UNINITIALIZED_AUTOS = YES_AGGRESSIVE;
				GCC_WARN_UNUSED_FUNCTION = YES;
				GCC_WARN_UNUSED_VARIABLE = YES;
				IPHONEOS_DEPLOYMENT_TARGET = 14.4;
				MTL_ENABLE_DEBUG_INFO = NO;
				MTL_FAST_MATH = YES;
				SDKROOT = iphoneos;
				SWIFT_COMPILATION_MODE = wholemodule;
				SWIFT_OPTIMIZATION_LEVEL = "-O";
				VALIDATE_PRODUCT = YES;
			};
			name = Release;
		};
		041C5ABB28F99FC70052ECEA /* Debug */ = {
			isa = XCBuildConfiguration;
			buildSettings = {
				ASSETCATALOG_COMPILER_APPICON_NAME = AppIcon;
				ASSETCATALOG_COMPILER_GLOBAL_ACCENT_COLOR_NAME = AccentColor;
				CODE_SIGN_STYLE = Automatic;
				INFOPLIST_FILE = "CustomTabelViewData 1/Info.plist";
				LD_RUNPATH_SEARCH_PATHS = (
					"$(inherited)",
					"@executable_path/Frameworks",
				);
				PRODUCT_BUNDLE_IDENTIFIER = "com.vishakha.CustomTabelViewData-1";
				PRODUCT_NAME = "$(TARGET_NAME)";
				SWIFT_VERSION = 5.0;
				TARGETED_DEVICE_FAMILY = "1,2";
			};
			name = Debug;
		};
		041C5ABC28F99FC70052ECEA /* Release */ = {
			isa = XCBuildConfiguration;
			buildSettings = {
				ASSETCATALOG_COMPILER_APPICON_NAME = AppIcon;
				ASSETCATALOG_COMPILER_GLOBAL_ACCENT_COLOR_NAME = AccentColor;
				CODE_SIGN_STYLE = Automatic;
				INFOPLIST_FILE = "CustomTabelViewData 1/Info.plist";
				LD_RUNPATH_SEARCH_PATHS = (
					"$(inherited)",
					"@executable_path/Frameworks",
				);
				PRODUCT_BUNDLE_IDENTIFIER = "com.vishakha.CustomTabelViewData-1";
				PRODUCT_NAME = "$(TARGET_NAME)";
				SWIFT_VERSION = 5.0;
				TARGETED_DEVICE_FAMILY = "1,2";
			};
			name = Release;
		};
/* End XCBuildConfiguration section */

/* Begin XCConfigurationList section */
		041C5AA128F99FC60052ECEA /* Build configuration list for PBXProject "CustomTabelViewData 1" */ = {
			isa = XCConfigurationList;
			buildConfigurations = (
				041C5AB828F99FC70052ECEA /* Debug */,
				041C5AB928F99FC70052ECEA /* Release */,
			);
			defaultConfigurationIsVisible = 0;
			defaultConfigurationName = Release;
		};
		041C5ABA28F99FC70052ECEA /* Build configuration list for PBXNativeTarget "CustomTabelViewData 1" */ = {
			isa = XCConfigurationList;
			buildConfigurations = (
				041C5ABB28F99FC70052ECEA /* Debug */,
				041C5ABC28F99FC70052ECEA /* Release */,
			);
			defaultConfigurationIsVisible = 0;
			defaultConfigurationName = Release;
		};
/* End XCConfigurationList section */
	};
	rootObject = 041C5A9E28F99FC60052ECEA /* Project object */;
}
